
Microsoft Visual Studio Solution File, Format Version 12.00
# Visual Studio 14
VisualStudioVersion = 14.0.25123.0
MinimumVisualStudioVersion = 10.0.40219.1
Project("{FAE04EC0-301F-11D3-BF4B-00C04F79EFBC}") = "SeriesEngine.Core", "SeriesEngine.Core\SeriesEngine.Core.csproj", "{87D29B27-20D3-4CC8-AA8C-6A85987DB69C}"
EndProject
Project("{FAE04EC0-301F-11D3-BF4B-00C04F79EFBC}") = "SeriesEngine.Tests.Database", "SeriesEngine.Tests.Database\SeriesEngine.Tests.Database.csproj", "{8787E1FB-A3CC-4730-8A9B-201D26736CE2}"
EndProject
Project("{FAE04EC0-301F-11D3-BF4B-00C04F79EFBC}") = "SeriesEngine.ExcelAddIn", "SeriesEngine.ExcelAddIn\SeriesEngine.ExcelAddIn.csproj", "{77F149F6-73C3-497D-B741-488DF15C12E8}"
EndProject
Project("{FAE04EC0-301F-11D3-BF4B-00C04F79EFBC}") = "SeriesEngine.App", "SeriesEngine.App\SeriesEngine.App.csproj", "{BCB7A219-851B-46D2-A8D3-107A2C81E22F}"
EndProject
Project("{FAE04EC0-301F-11D3-BF4B-00C04F79EFBC}") = "SeriesEngine.Msk1", "SeriesEngine.Msk1\SeriesEngine.Msk1.csproj", "{039797C1-A3F3-47C7-B887-75073B9B8E5E}"
EndProject
Global
	GlobalSection(SolutionConfigurationPlatforms) = preSolution
		Debug|Any CPU = Debug|Any CPU
		Release|Any CPU = Release|Any CPU
	EndGlobalSection
	GlobalSection(ProjectConfigurationPlatforms) = postSolution
		{87D29B27-20D3-4CC8-AA8C-6A85987DB69C}.Debug|Any CPU.ActiveCfg = Debug|Any CPU
		{87D29B27-20D3-4CC8-AA8C-6A85987DB69C}.Debug|Any CPU.Build.0 = Debug|Any CPU
		{87D29B27-20D3-4CC8-AA8C-6A85987DB69C}.Release|Any CPU.ActiveCfg = Release|Any CPU
		{87D29B27-20D3-4CC8-AA8C-6A85987DB69C}.Release|Any CPU.Build.0 = Release|Any CPU
		{8787E1FB-A3CC-4730-8A9B-201D26736CE2}.Debug|Any CPU.ActiveCfg = Debug|Any CPU
		{8787E1FB-A3CC-4730-8A9B-201D26736CE2}.Debug|Any CPU.Build.0 = Debug|Any CPU
		{8787E1FB-A3CC-4730-8A9B-201D26736CE2}.Release|Any CPU.ActiveCfg = Release|Any CPU
		{8787E1FB-A3CC-4730-8A9B-201D26736CE2}.Release|Any CPU.Build.0 = Release|Any CPU
		{77F149F6-73C3-497D-B741-488DF15C12E8}.Debug|Any CPU.ActiveCfg = Debug|Any CPU
		{77F149F6-73C3-497D-B741-488DF15C12E8}.Debug|Any CPU.Build.0 = Debug|Any CPU
		{77F149F6-73C3-497D-B741-488DF15C12E8}.Release|Any CPU.ActiveCfg = Release|Any CPU
		{77F149F6-73C3-497D-B741-488DF15C12E8}.Release|Any CPU.Build.0 = Release|Any CPU
		{BCB7A219-851B-46D2-A8D3-107A2C81E22F}.Debug|Any CPU.ActiveCfg = Debug|Any CPU
		{BCB7A219-851B-46D2-A8D3-107A2C81E22F}.Debug|Any CPU.Build.0 = Debug|Any CPU
		{BCB7A219-851B-46D2-A8D3-107A2C81E22F}.Release|Any CPU.ActiveCfg = Release|Any CPU
		{BCB7A219-851B-46D2-A8D3-107A2C81E22F}.Release|Any CPU.Build.0 = Release|Any CPU
		{039797C1-A3F3-47C7-B887-75073B9B8E5E}.Debug|Any CPU.ActiveCfg = Debug|Any CPU
		{039797C1-A3F3-47C7-B887-75073B9B8E5E}.Debug|Any CPU.Build.0 = Debug|Any CPU
		{039797C1-A3F3-47C7-B887-75073B9B8E5E}.Release|Any CPU.ActiveCfg = Release|Any CPU
		{039797C1-A3F3-47C7-B887-75073B9B8E5E}.Release|Any CPU.Build.0 = Release|Any CPU
	EndGlobalSection
	GlobalSection(SolutionProperties) = preSolution
		HideSolutionNode = FALSE
	EndGlobalSection
EndGlobal
